
Microsoft Visual Studio Solution File, Format Version 12.00
# Visual Studio Version 16
VisualStudioVersion = 16.0.28803.202
MinimumVisualStudioVersion = 10.0.40219.1
Project("{FAE04EC0-301F-11D3-BF4B-00C04F79EFBC}") = "PazangiPinigai", "PazangiPinigai\PazangiPinigai.csproj", "{D3115BFA-DC5D-42A1-A204-50122C2A8DC8}"
EndProject
Project("{FAE04EC0-301F-11D3-BF4B-00C04F79EFBC}") = "BankAggregator.Web", "BankAggregator.Web\BankAggregator.Web.csproj", "{B5165EB4-5DA2-4B9C-9BA4-E011D64EA540}"
EndProject
Project("{FAE04EC0-301F-11D3-BF4B-00C04F79EFBC}") = "BankAggregator.Core", "BankAggregator.Core\BankAggregator.Core.csproj", "{D442FB6D-5E2C-4676-9798-116736C6F012}"
EndProject
Project("{FAE04EC0-301F-11D3-BF4B-00C04F79EFBC}") = "BankAggregator.Domain", "BankAggregator.Domain\BankAggregator.Domain.csproj", "{A05B50B3-2A3D-4B97-B3A3-5FB36A8AF4A3}"
EndProject
Global
	GlobalSection(SolutionConfigurationPlatforms) = preSolution
		Debug|Any CPU = Debug|Any CPU
		Release|Any CPU = Release|Any CPU
	EndGlobalSection
	GlobalSection(ProjectConfigurationPlatforms) = postSolution
		{D3115BFA-DC5D-42A1-A204-50122C2A8DC8}.Debug|Any CPU.ActiveCfg = Debug|Any CPU
		{D3115BFA-DC5D-42A1-A204-50122C2A8DC8}.Debug|Any CPU.Build.0 = Debug|Any CPU
		{D3115BFA-DC5D-42A1-A204-50122C2A8DC8}.Release|Any CPU.ActiveCfg = Release|Any CPU
		{D3115BFA-DC5D-42A1-A204-50122C2A8DC8}.Release|Any CPU.Build.0 = Release|Any CPU
		{B5165EB4-5DA2-4B9C-9BA4-E011D64EA540}.Debug|Any CPU.ActiveCfg = Debug|Any CPU
		{B5165EB4-5DA2-4B9C-9BA4-E011D64EA540}.Debug|Any CPU.Build.0 = Debug|Any CPU
		{B5165EB4-5DA2-4B9C-9BA4-E011D64EA540}.Release|Any CPU.ActiveCfg = Release|Any CPU
		{B5165EB4-5DA2-4B9C-9BA4-E011D64EA540}.Release|Any CPU.Build.0 = Release|Any CPU
		{D442FB6D-5E2C-4676-9798-116736C6F012}.Debug|Any CPU.ActiveCfg = Debug|Any CPU
		{D442FB6D-5E2C-4676-9798-116736C6F012}.Debug|Any CPU.Build.0 = Debug|Any CPU
		{D442FB6D-5E2C-4676-9798-116736C6F012}.Release|Any CPU.ActiveCfg = Release|Any CPU
		{D442FB6D-5E2C-4676-9798-116736C6F012}.Release|Any CPU.Build.0 = Release|Any CPU
		{A05B50B3-2A3D-4B97-B3A3-5FB36A8AF4A3}.Debug|Any CPU.ActiveCfg = Debug|Any CPU
		{A05B50B3-2A3D-4B97-B3A3-5FB36A8AF4A3}.Debug|Any CPU.Build.0 = Debug|Any CPU
		{A05B50B3-2A3D-4B97-B3A3-5FB36A8AF4A3}.Release|Any CPU.ActiveCfg = Release|Any CPU
		{A05B50B3-2A3D-4B97-B3A3-5FB36A8AF4A3}.Release|Any CPU.Build.0 = Release|Any CPU
	EndGlobalSection
	GlobalSection(SolutionProperties) = preSolution
		HideSolutionNode = FALSE
	EndGlobalSection
	GlobalSection(ExtensibilityGlobals) = postSolution
		SolutionGuid = {B29F782C-858A-4229-8728-906D603B5B04}
	EndGlobalSection
EndGlobal
