
Microsoft Visual Studio Solution File, Format Version 12.00
# Visual Studio 15
VisualStudioVersion = 15.0.28307.539
MinimumVisualStudioVersion = 10.0.40219.1
Project("{9A19103F-16F7-4668-BE54-9A1E7A4F7556}") = "BankAggregator.Web", "BankAggregator.Web\BankAggregator.Web.csproj", "{B5165EB4-5DA2-4B9C-9BA4-E011D64EA540}"
EndProject
Project("{9A19103F-16F7-4668-BE54-9A1E7A4F7556}") = "BankAggregator.Core", "BankAggregator.Core\BankAggregator.Core.csproj", "{D442FB6D-5E2C-4676-9798-116736C6F012}"
EndProject
Project("{9A19103F-16F7-4668-BE54-9A1E7A4F7556}") = "BankAggregator.Domain", "BankAggregator.Domain\BankAggregator.Domain.csproj", "{A05B50B3-2A3D-4B97-B3A3-5FB36A8AF4A3}"
EndProject
Global
	GlobalSection(SolutionConfigurationPlatforms) = preSolution
		Debug|Any CPU = Debug|Any CPU
		Release|Any CPU = Release|Any CPU
	EndGlobalSection
	GlobalSection(ProjectConfigurationPlatforms) = postSolution
		{B5165EB4-5DA2-4B9C-9BA4-E011D64EA540}.Debug|Any CPU.ActiveCfg = Debug|Any CPU
		{B5165EB4-5DA2-4B9C-9BA4-E011D64EA540}.Debug|Any CPU.Build.0 = Debug|Any CPU
		{B5165EB4-5DA2-4B9C-9BA4-E011D64EA540}.Release|Any CPU.ActiveCfg = Release|Any CPU
		{B5165EB4-5DA2-4B9C-9BA4-E011D64EA540}.Release|Any CPU.Build.0 = Release|Any CPU
		{D442FB6D-5E2C-4676-9798-116736C6F012}.Debug|Any CPU.ActiveCfg = Debug|Any CPU
		{D442FB6D-5E2C-4676-9798-116736C6F012}.Debug|Any CPU.Build.0 = Debug|Any CPU
		{D442FB6D-5E2C-4676-9798-116736C6F012}.Release|Any CPU.ActiveCfg = Release|Any CPU
		{D442FB6D-5E2C-4676-9798-116736C6F012}.Release|Any CPU.Build.0 = Release|Any CPU
		{A05B50B3-2A3D-4B97-B3A3-5FB36A8AF4A3}.Debug|Any CPU.ActiveCfg = Debug|Any CPU
		{A05B50B3-2A3D-4B97-B3A3-5FB36A8AF4A3}.Debug|Any CPU.Build.0 = Debug|Any CPU
		{A05B50B3-2A3D-4B97-B3A3-5FB36A8AF4A3}.Release|Any CPU.ActiveCfg = Release|Any CPU
		{A05B50B3-2A3D-4B97-B3A3-5FB36A8AF4A3}.Release|Any CPU.Build.0 = Release|Any CPU
	EndGlobalSection
	GlobalSection(SolutionProperties) = preSolution
		HideSolutionNode = FALSE
	EndGlobalSection
	GlobalSection(ExtensibilityGlobals) = postSolution
		SolutionGuid = {B29F782C-858A-4229-8728-906D603B5B04}
	EndGlobalSection
EndGlobal
